# THIS IS AN AUTOGENERATED FILE. DO NOT EDIT THIS FILE DIRECTLY.
# yarn lockfile v1


autorest@^2.0.4407:
  version "2.0.4407"
  resolved "http://npm.360kad.com/autorest/download/autorest-2.0.4407.tgz#56c29ab685b903e7a4cbdb0b0b5e671d174ab6fc"
  integrity sha1-VsKatoW5A+eky9sLC15nHRdKtvw=

commander@^4.1.0:
  version "4.1.0"
  resolved "http://npm.360kad.com/commander/download/commander-4.1.0.tgz#545983a0603fe425bc672d66c9e3c89c42121a83"
  integrity sha1-VFmDoGA/5CW8Zy1myePInEISGoM=

ramda@^0.27.0:
  version "0.27.0"
  resolved "http://npm.360kad.com/ramda/download/ramda-0.27.0.tgz#915dc29865c0800bf3f69b8fd6c279898b59de43"
  integrity sha1-kV3CmGXAgAvz9puP1sJ5iYtZ3kM=
